// !$*UTF8*$!
{
	archiveVersion = 1;
	classes = {
	};
	objectVersion = 55;
	objects = {

/* Begin PBXBuildFile section */
		AD43B1012B4B5964006E6380 /* SATAPPApp.swift in Sources */ = {isa = PBXBuildFile; fileRef = AD43B1002B4B5964006E6380 /* SATAPPApp.swift */; };
		AD43B1032B4B5964006E6380 /* ContentView.swift in Sources */ = {isa = PBXBuildFile; fileRef = AD43B1022B4B5964006E6380 /* ContentView.swift */; };
		AD43B1052B4B5966006E6380 /* Assets.xcassets in Resources */ = {isa = PBXBuildFile; fileRef = AD43B1042B4B5966006E6380 /* Assets.xcassets */; };
		AD43B1082B4B5966006E6380 /* Preview Assets.xcassets in Resources */ = {isa = PBXBuildFile; fileRef = AD43B1072B4B5966006E6380 /* Preview Assets.xcassets */; };
		AD43B10A2B4B5966006E6380 /* Persistence.swift in Sources */ = {isa = PBXBuildFile; fileRef = AD43B1092B4B5966006E6380 /* Persistence.swift */; };
		AD43B10D2B4B5966006E6380 /* SATAPP.xcdatamodeld in Sources */ = {isa = PBXBuildFile; fileRef = AD43B10B2B4B5966006E6380 /* SATAPP.xcdatamodeld */; };
		AD43B1172B4B5966006E6380 /* SATAPPTests.swift in Sources */ = {isa = PBXBuildFile; fileRef = AD43B1162B4B5966006E6380 /* SATAPPTests.swift */; };
		AD43B1212B4B5966006E6380 /* SATAPPUITests.swift in Sources */ = {isa = PBXBuildFile; fileRef = AD43B1202B4B5966006E6380 /* SATAPPUITests.swift */; };
		AD43B1232B4B5966006E6380 /* SATAPPUITestsLaunchTests.swift in Sources */ = {isa = PBXBuildFile; fileRef = AD43B1222B4B5966006E6380 /* SATAPPUITestsLaunchTests.swift */; };
		AD43B1302B4B6BC3006E6380 /* PracticeView.swift in Sources */ = {isa = PBXBuildFile; fileRef = AD43B12F2B4B6BC3006E6380 /* PracticeView.swift */; };
		AD7386072B8434C3005851C7 /* LearningLanding.swift in Sources */ = {isa = PBXBuildFile; fileRef = AD7386062B8434C3005851C7 /* LearningLanding.swift */; };
		AD81C54B2B844CC5003A8B39 /* Lesson.swift in Sources */ = {isa = PBXBuildFile; fileRef = AD81C54A2B844CC5003A8B39 /* Lesson.swift */; };
		AD81C54D2B844D2D003A8B39 /* LessonModel.swift in Sources */ = {isa = PBXBuildFile; fileRef = AD81C54C2B844D2D003A8B39 /* LessonModel.swift */; };
		ADE2B0012B844B81004F49E4 /* lessonData.json in Resources */ = {isa = PBXBuildFile; fileRef = ADE2B0002B844B81004F49E4 /* lessonData.json */; };
		ADE4B8DF2B4C802B00E1266B /* HomeSideMenu.swift in Sources */ = {isa = PBXBuildFile; fileRef = ADE4B8DE2B4C802B00E1266B /* HomeSideMenu.swift */; };
		ADE4B8E12B4CA86400E1266B /* PracticeQuestionView.swift in Sources */ = {isa = PBXBuildFile; fileRef = ADE4B8E02B4CA86400E1266B /* PracticeQuestionView.swift */; };
		ADFAD0C62B8AE6F900A28998 /* LessonTopic.swift in Sources */ = {isa = PBXBuildFile; fileRef = ADFAD0C52B8AE6F900A28998 /* LessonTopic.swift */; };
		ADFAD0C82B8C14DE00A28998 /* subtopicData.json in Resources */ = {isa = PBXBuildFile; fileRef = ADFAD0C72B8C14DE00A28998 /* subtopicData.json */; };
		ADFAD0CA2B8C154D00A28998 /* Subtopic.swift in Sources */ = {isa = PBXBuildFile; fileRef = ADFAD0C92B8C154D00A28998 /* Subtopic.swift */; };
/* End PBXBuildFile section */

/* Begin PBXContainerItemProxy section */
		AD43B1132B4B5966006E6380 /* PBXContainerItemProxy */ = {
			isa = PBXContainerItemProxy;
			containerPortal = AD43B0F52B4B5964006E6380 /* Project object */;
			proxyType = 1;
			remoteGlobalIDString = AD43B0FC2B4B5964006E6380;
			remoteInfo = SATAPP;
		};
		AD43B11D2B4B5966006E6380 /* PBXContainerItemProxy */ = {
			isa = PBXContainerItemProxy;
			containerPortal = AD43B0F52B4B5964006E6380 /* Project object */;
			proxyType = 1;
			remoteGlobalIDString = AD43B0FC2B4B5964006E6380;
			remoteInfo = SATAPP;
		};
/* End PBXContainerItemProxy section */

/* Begin PBXFileReference section */
		AD43B0FD2B4B5964006E6380 /* SATAPP.app */ = {isa = PBXFileReference; explicitFileType = wrapper.application; includeInIndex = 0; path = SATAPP.app; sourceTree = BUILT_PRODUCTS_DIR; };
		AD43B1002B4B5964006E6380 /* SATAPPApp.swift */ = {isa = PBXFileReference; lastKnownFileType = sourcecode.swift; path = SATAPPApp.swift; sourceTree = "<group>"; };
		AD43B1022B4B5964006E6380 /* ContentView.swift */ = {isa = PBXFileReference; lastKnownFileType = sourcecode.swift; path = ContentView.swift; sourceTree = "<group>"; };
		AD43B1042B4B5966006E6380 /* Assets.xcassets */ = {isa = PBXFileReference; lastKnownFileType = folder.assetcatalog; path = Assets.xcassets; sourceTree = "<group>"; };
		AD43B1072B4B5966006E6380 /* Preview Assets.xcassets */ = {isa = PBXFileReference; lastKnownFileType = folder.assetcatalog; path = "Preview Assets.xcassets"; sourceTree = "<group>"; };
		AD43B1092B4B5966006E6380 /* Persistence.swift */ = {isa = PBXFileReference; lastKnownFileType = sourcecode.swift; path = Persistence.swift; sourceTree = "<group>"; };
		AD43B10C2B4B5966006E6380 /* SATAPP.xcdatamodel */ = {isa = PBXFileReference; lastKnownFileType = wrapper.xcdatamodel; path = SATAPP.xcdatamodel; sourceTree = "<group>"; };
		AD43B1122B4B5966006E6380 /* SATAPPTests.xctest */ = {isa = PBXFileReference; explicitFileType = wrapper.cfbundle; includeInIndex = 0; path = SATAPPTests.xctest; sourceTree = BUILT_PRODUCTS_DIR; };
		AD43B1162B4B5966006E6380 /* SATAPPTests.swift */ = {isa = PBXFileReference; lastKnownFileType = sourcecode.swift; path = SATAPPTests.swift; sourceTree = "<group>"; };
		AD43B11C2B4B5966006E6380 /* SATAPPUITests.xctest */ = {isa = PBXFileReference; explicitFileType = wrapper.cfbundle; includeInIndex = 0; path = SATAPPUITests.xctest; sourceTree = BUILT_PRODUCTS_DIR; };
		AD43B1202B4B5966006E6380 /* SATAPPUITests.swift */ = {isa = PBXFileReference; lastKnownFileType = sourcecode.swift; path = SATAPPUITests.swift; sourceTree = "<group>"; };
		AD43B1222B4B5966006E6380 /* SATAPPUITestsLaunchTests.swift */ = {isa = PBXFileReference; lastKnownFileType = sourcecode.swift; path = SATAPPUITestsLaunchTests.swift; sourceTree = "<group>"; };
		AD43B12F2B4B6BC3006E6380 /* PracticeView.swift */ = {isa = PBXFileReference; lastKnownFileType = sourcecode.swift; path = PracticeView.swift; sourceTree = "<group>"; };
		AD7386062B8434C3005851C7 /* LearningLanding.swift */ = {isa = PBXFileReference; lastKnownFileType = sourcecode.swift; path = LearningLanding.swift; sourceTree = "<group>"; };
		AD81C54A2B844CC5003A8B39 /* Lesson.swift */ = {isa = PBXFileReference; lastKnownFileType = sourcecode.swift; path = Lesson.swift; sourceTree = "<group>"; };
		AD81C54C2B844D2D003A8B39 /* LessonModel.swift */ = {isa = PBXFileReference; lastKnownFileType = sourcecode.swift; path = LessonModel.swift; sourceTree = "<group>"; };
		ADE2B0002B844B81004F49E4 /* lessonData.json */ = {isa = PBXFileReference; fileEncoding = 4; lastKnownFileType = text.json; path = lessonData.json; sourceTree = "<group>"; };
		ADE4B8DE2B4C802B00E1266B /* HomeSideMenu.swift */ = {isa = PBXFileReference; lastKnownFileType = sourcecode.swift; path = HomeSideMenu.swift; sourceTree = "<group>"; };
		ADE4B8E02B4CA86400E1266B /* PracticeQuestionView.swift */ = {isa = PBXFileReference; lastKnownFileType = sourcecode.swift; path = PracticeQuestionView.swift; sourceTree = "<group>"; };
		ADFAD0C52B8AE6F900A28998 /* LessonTopic.swift */ = {isa = PBXFileReference; lastKnownFileType = sourcecode.swift; path = LessonTopic.swift; sourceTree = "<group>"; };
		ADFAD0C72B8C14DE00A28998 /* subtopicData.json */ = {isa = PBXFileReference; fileEncoding = 4; lastKnownFileType = text.json; path = subtopicData.json; sourceTree = "<group>"; };
		ADFAD0C92B8C154D00A28998 /* Subtopic.swift */ = {isa = PBXFileReference; lastKnownFileType = sourcecode.swift; path = Subtopic.swift; sourceTree = "<group>"; };
/* End PBXFileReference section */

/* Begin PBXFrameworksBuildPhase section */
		AD43B0FA2B4B5964006E6380 /* Frameworks */ = {
			isa = PBXFrameworksBuildPhase;
			buildActionMask = 2147483647;
			files = (
			);
			runOnlyForDeploymentPostprocessing = 0;
		};
		AD43B10F2B4B5966006E6380 /* Frameworks */ = {
			isa = PBXFrameworksBuildPhase;
			buildActionMask = 2147483647;
			files = (
			);
			runOnlyForDeploymentPostprocessing = 0;
		};
		AD43B1192B4B5966006E6380 /* Frameworks */ = {
			isa = PBXFrameworksBuildPhase;
			buildActionMask = 2147483647;
			files = (
			);
			runOnlyForDeploymentPostprocessing = 0;
		};
/* End PBXFrameworksBuildPhase section */

/* Begin PBXGroup section */
		AD43B0F42B4B5964006E6380 = {
			isa = PBXGroup;
			children = (
				AD43B0FF2B4B5964006E6380 /* SATAPP */,
				AD43B1152B4B5966006E6380 /* SATAPPTests */,
				AD43B11F2B4B5966006E6380 /* SATAPPUITests */,
				AD43B0FE2B4B5964006E6380 /* Products */,
			);
			sourceTree = "<group>";
		};
		AD43B0FE2B4B5964006E6380 /* Products */ = {
			isa = PBXGroup;
			children = (
				AD43B0FD2B4B5964006E6380 /* SATAPP.app */,
				AD43B1122B4B5966006E6380 /* SATAPPTests.xctest */,
				AD43B11C2B4B5966006E6380 /* SATAPPUITests.xctest */,
			);
			name = Products;
			sourceTree = "<group>";
		};
		AD43B0FF2B4B5964006E6380 /* SATAPP */ = {
			isa = PBXGroup;
			children = (
				AD7386052B84349F005851C7 /* LearningTab */,
				AD43B1002B4B5964006E6380 /* SATAPPApp.swift */,
				AD43B1022B4B5964006E6380 /* ContentView.swift */,
				ADE4B8DE2B4C802B00E1266B /* HomeSideMenu.swift */,
				AD43B12F2B4B6BC3006E6380 /* PracticeView.swift */,
				ADE4B8E02B4CA86400E1266B /* PracticeQuestionView.swift */,
				AD43B1042B4B5966006E6380 /* Assets.xcassets */,
				AD43B1092B4B5966006E6380 /* Persistence.swift */,
				AD43B10B2B4B5966006E6380 /* SATAPP.xcdatamodeld */,
				AD43B1062B4B5966006E6380 /* Preview Content */,
			);
			path = SATAPP;
			sourceTree = "<group>";
		};
		AD43B1062B4B5966006E6380 /* Preview Content */ = {
			isa = PBXGroup;
			children = (
				AD43B1072B4B5966006E6380 /* Preview Assets.xcassets */,
			);
			path = "Preview Content";
			sourceTree = "<group>";
		};
		AD43B1152B4B5966006E6380 /* SATAPPTests */ = {
			isa = PBXGroup;
			children = (
				AD43B1162B4B5966006E6380 /* SATAPPTests.swift */,
			);
			path = SATAPPTests;
			sourceTree = "<group>";
		};
		AD43B11F2B4B5966006E6380 /* SATAPPUITests */ = {
			isa = PBXGroup;
			children = (
				AD43B1202B4B5966006E6380 /* SATAPPUITests.swift */,
				AD43B1222B4B5966006E6380 /* SATAPPUITestsLaunchTests.swift */,
			);
			path = SATAPPUITests;
			sourceTree = "<group>";
		};
		AD7386052B84349F005851C7 /* LearningTab */ = {
			isa = PBXGroup;
			children = (
				ADE2B0002B844B81004F49E4 /* lessonData.json */,
				ADFAD0C72B8C14DE00A28998 /* subtopicData.json */,
				AD7386062B8434C3005851C7 /* LearningLanding.swift */,
				AD81C54A2B844CC5003A8B39 /* Lesson.swift */,
				ADFAD0C92B8C154D00A28998 /* Subtopic.swift */,
				ADFAD0C52B8AE6F900A28998 /* LessonTopic.swift */,
				AD81C54C2B844D2D003A8B39 /* LessonModel.swift */,
			);
			path = LearningTab;
			sourceTree = "<group>";
		};
/* End PBXGroup section */

/* Begin PBXNativeTarget section */
		AD43B0FC2B4B5964006E6380 /* SATAPP */ = {
			isa = PBXNativeTarget;
			buildConfigurationList = AD43B1262B4B5966006E6380 /* Build configuration list for PBXNativeTarget "SATAPP" */;
			buildPhases = (
				AD43B0F92B4B5964006E6380 /* Sources */,
				AD43B0FA2B4B5964006E6380 /* Frameworks */,
				AD43B0FB2B4B5964006E6380 /* Resources */,
			);
			buildRules = (
			);
			dependencies = (
			);
			name = SATAPP;
			productName = SATAPP;
			productReference = AD43B0FD2B4B5964006E6380 /* SATAPP.app */;
			productType = "com.apple.product-type.application";
		};
		AD43B1112B4B5966006E6380 /* SATAPPTests */ = {
			isa = PBXNativeTarget;
			buildConfigurationList = AD43B1292B4B5966006E6380 /* Build configuration list for PBXNativeTarget "SATAPPTests" */;
			buildPhases = (
				AD43B10E2B4B5966006E6380 /* Sources */,
				AD43B10F2B4B5966006E6380 /* Frameworks */,
				AD43B1102B4B5966006E6380 /* Resources */,
			);
			buildRules = (
			);
			dependencies = (
				AD43B1142B4B5966006E6380 /* PBXTargetDependency */,
			);
			name = SATAPPTests;
			productName = SATAPPTests;
			productReference = AD43B1122B4B5966006E6380 /* SATAPPTests.xctest */;
			productType = "com.apple.product-type.bundle.unit-test";
		};
		AD43B11B2B4B5966006E6380 /* SATAPPUITests */ = {
			isa = PBXNativeTarget;
			buildConfigurationList = AD43B12C2B4B5966006E6380 /* Build configuration list for PBXNativeTarget "SATAPPUITests" */;
			buildPhases = (
				AD43B1182B4B5966006E6380 /* Sources */,
				AD43B1192B4B5966006E6380 /* Frameworks */,
				AD43B11A2B4B5966006E6380 /* Resources */,
			);
			buildRules = (
			);
			dependencies = (
				AD43B11E2B4B5966006E6380 /* PBXTargetDependency */,
			);
			name = SATAPPUITests;
			productName = SATAPPUITests;
			productReference = AD43B11C2B4B5966006E6380 /* SATAPPUITests.xctest */;
			productType = "com.apple.product-type.bundle.ui-testing";
		};
/* End PBXNativeTarget section */

/* Begin PBXProject section */
		AD43B0F52B4B5964006E6380 /* Project object */ = {
			isa = PBXProject;
			attributes = {
				BuildIndependentTargetsInParallel = 1;
				LastSwiftUpdateCheck = 1340;
				LastUpgradeCheck = 1340;
				TargetAttributes = {
					AD43B0FC2B4B5964006E6380 = {
						CreatedOnToolsVersion = 13.4.1;
					};
					AD43B1112B4B5966006E6380 = {
						CreatedOnToolsVersion = 13.4.1;
						TestTargetID = AD43B0FC2B4B5964006E6380;
					};
					AD43B11B2B4B5966006E6380 = {
						CreatedOnToolsVersion = 13.4.1;
						TestTargetID = AD43B0FC2B4B5964006E6380;
					};
				};
			};
			buildConfigurationList = AD43B0F82B4B5964006E6380 /* Build configuration list for PBXProject "SATAPP" */;
			compatibilityVersion = "Xcode 13.0";
			developmentRegion = en;
			hasScannedForEncodings = 0;
			knownRegions = (
				en,
				Base,
			);
			mainGroup = AD43B0F42B4B5964006E6380;
			productRefGroup = AD43B0FE2B4B5964006E6380 /* Products */;
			projectDirPath = "";
			projectRoot = "";
			targets = (
				AD43B0FC2B4B5964006E6380 /* SATAPP */,
				AD43B1112B4B5966006E6380 /* SATAPPTests */,
				AD43B11B2B4B5966006E6380 /* SATAPPUITests */,
			);
		};
/* End PBXProject section */

/* Begin PBXResourcesBuildPhase section */
		AD43B0FB2B4B5964006E6380 /* Resources */ = {
			isa = PBXResourcesBuildPhase;
			buildActionMask = 2147483647;
			files = (
				ADFAD0C82B8C14DE00A28998 /* subtopicData.json in Resources */,
				ADE2B0012B844B81004F49E4 /* lessonData.json in Resources */,
				AD43B1082B4B5966006E6380 /* Preview Assets.xcassets in Resources */,
				AD43B1052B4B5966006E6380 /* Assets.xcassets in Resources */,
			);
			runOnlyForDeploymentPostprocessing = 0;
		};
		AD43B1102B4B5966006E6380 /* Resources */ = {
			isa = PBXResourcesBuildPhase;
			buildActionMask = 2147483647;
			files = (
			);
			runOnlyForDeploymentPostprocessing = 0;
		};
		AD43B11A2B4B5966006E6380 /* Resources */ = {
			isa = PBXResourcesBuildPhase;
			buildActionMask = 2147483647;
			files = (
			);
			runOnlyForDeploymentPostprocessing = 0;
		};
/* End PBXResourcesBuildPhase section */

/* Begin PBXSourcesBuildPhase section */
		AD43B0F92B4B5964006E6380 /* Sources */ = {
			isa = PBXSourcesBuildPhase;
			buildActionMask = 2147483647;
			files = (
				AD81C54B2B844CC5003A8B39 /* Lesson.swift in Sources */,
				AD43B10D2B4B5966006E6380 /* SATAPP.xcdatamodeld in Sources */,
				AD43B1302B4B6BC3006E6380 /* PracticeView.swift in Sources */,
				ADFAD0C62B8AE6F900A28998 /* LessonTopic.swift in Sources */,
				AD43B10A2B4B5966006E6380 /* Persistence.swift in Sources */,
				AD43B1032B4B5964006E6380 /* ContentView.swift in Sources */,
				ADE4B8DF2B4C802B00E1266B /* HomeSideMenu.swift in Sources */,
				AD7386072B8434C3005851C7 /* LearningLanding.swift in Sources */,
				AD81C54D2B844D2D003A8B39 /* LessonModel.swift in Sources */,
				ADE4B8E12B4CA86400E1266B /* PracticeQuestionView.swift in Sources */,
				ADFAD0CA2B8C154D00A28998 /* Subtopic.swift in Sources */,
				AD43B1012B4B5964006E6380 /* SATAPPApp.swift in Sources */,
			);
			runOnlyForDeploymentPostprocessing = 0;
		};
		AD43B10E2B4B5966006E6380 /* Sources */ = {
			isa = PBXSourcesBuildPhase;
			buildActionMask = 2147483647;
			files = (
				AD43B1172B4B5966006E6380 /* SATAPPTests.swift in Sources */,
			);
			runOnlyForDeploymentPostprocessing = 0;
		};
		AD43B1182B4B5966006E6380 /* Sources */ = {
			isa = PBXSourcesBuildPhase;
			buildActionMask = 2147483647;
			files = (
				AD43B1212B4B5966006E6380 /* SATAPPUITests.swift in Sources */,
				AD43B1232B4B5966006E6380 /* SATAPPUITestsLaunchTests.swift in Sources */,
			);
			runOnlyForDeploymentPostprocessing = 0;
		};
/* End PBXSourcesBuildPhase section */

/* Begin PBXTargetDependency section */
		AD43B1142B4B5966006E6380 /* PBXTargetDependency */ = {
			isa = PBXTargetDependency;
			target = AD43B0FC2B4B5964006E6380 /* SATAPP */;
			targetProxy = AD43B1132B4B5966006E6380 /* PBXContainerItemProxy */;
		};
		AD43B11E2B4B5966006E6380 /* PBXTargetDependency */ = {
			isa = PBXTargetDependency;
			target = AD43B0FC2B4B5964006E6380 /* SATAPP */;
			targetProxy = AD43B11D2B4B5966006E6380 /* PBXContainerItemProxy */;
		};
/* End PBXTargetDependency section */

/* Begin XCBuildConfiguration section */
		AD43B1242B4B5966006E6380 /* Debug */ = {
			isa = XCBuildConfiguration;
			buildSettings = {
				ALWAYS_SEARCH_USER_PATHS = NO;
				CLANG_ANALYZER_NONNULL = YES;
				CLANG_ANALYZER_NUMBER_OBJECT_CONVERSION = YES_AGGRESSIVE;
				CLANG_CXX_LANGUAGE_STANDARD = "gnu++17";
				CLANG_ENABLE_MODULES = YES;
				CLANG_ENABLE_OBJC_ARC = YES;
				CLANG_ENABLE_OBJC_WEAK = YES;
				CLANG_WARN_BLOCK_CAPTURE_AUTORELEASING = YES;
				CLANG_WARN_BOOL_CONVERSION = YES;
				CLANG_WARN_COMMA = YES;
				CLANG_WARN_CONSTANT_CONVERSION = YES;
				CLANG_WARN_DEPRECATED_OBJC_IMPLEMENTATIONS = YES;
				CLANG_WARN_DIRECT_OBJC_ISA_USAGE = YES_ERROR;
				CLANG_WARN_DOCUMENTATION_COMMENTS = YES;
				CLANG_WARN_EMPTY_BODY = YES;
				CLANG_WARN_ENUM_CONVERSION = YES;
				CLANG_WARN_INFINITE_RECURSION = YES;
				CLANG_WARN_INT_CONVERSION = YES;
				CLANG_WARN_NON_LITERAL_NULL_CONVERSION = YES;
				CLANG_WARN_OBJC_IMPLICIT_RETAIN_SELF = YES;
				CLANG_WARN_OBJC_LITERAL_CONVERSION = YES;
				CLANG_WARN_OBJC_ROOT_CLASS = YES_ERROR;
				CLANG_WARN_QUOTED_INCLUDE_IN_FRAMEWORK_HEADER = YES;
				CLANG_WARN_RANGE_LOOP_ANALYSIS = YES;
				CLANG_WARN_STRICT_PROTOTYPES = YES;
				CLANG_WARN_SUSPICIOUS_MOVE = YES;
				CLANG_WARN_UNGUARDED_AVAILABILITY = YES_AGGRESSIVE;
				CLANG_WARN_UNREACHABLE_CODE = YES;
				CLANG_WARN__DUPLICATE_METHOD_MATCH = YES;
				COPY_PHASE_STRIP = NO;
				DEBUG_INFORMATION_FORMAT = dwarf;
				ENABLE_STRICT_OBJC_MSGSEND = YES;
				ENABLE_TESTABILITY = YES;
				GCC_C_LANGUAGE_STANDARD = gnu11;
				GCC_DYNAMIC_NO_PIC = NO;
				GCC_NO_COMMON_BLOCKS = YES;
				GCC_OPTIMIZATION_LEVEL = 0;
				GCC_PREPROCESSOR_DEFINITIONS = (
					"DEBUG=1",
					"$(inherited)",
				);
				GCC_WARN_64_TO_32_BIT_CONVERSION = YES;
				GCC_WARN_ABOUT_RETURN_TYPE = YES_ERROR;
				GCC_WARN_UNDECLARED_SELECTOR = YES;
				GCC_WARN_UNINITIALIZED_AUTOS = YES_AGGRESSIVE;
				GCC_WARN_UNUSED_FUNCTION = YES;
				GCC_WARN_UNUSED_VARIABLE = YES;
				IPHONEOS_DEPLOYMENT_TARGET = 15.5;
				MTL_ENABLE_DEBUG_INFO = INCLUDE_SOURCE;
				MTL_FAST_MATH = YES;
				ONLY_ACTIVE_ARCH = YES;
				SDKROOT = iphoneos;
				SWIFT_ACTIVE_COMPILATION_CONDITIONS = DEBUG;
				SWIFT_OPTIMIZATION_LEVEL = "-Onone";
			};
			name = Debug;
		};
		AD43B1252B4B5966006E6380 /* Release */ = {
			isa = XCBuildConfiguration;
			buildSettings = {
				ALWAYS_SEARCH_USER_PATHS = NO;
				CLANG_ANALYZER_NONNULL = YES;
				CLANG_ANALYZER_NUMBER_OBJECT_CONVERSION = YES_AGGRESSIVE;
				CLANG_CXX_LANGUAGE_STANDARD = "gnu++17";
				CLANG_ENABLE_MODULES = YES;
				CLANG_ENABLE_OBJC_ARC = YES;
				CLANG_ENABLE_OBJC_WEAK = YES;
				CLANG_WARN_BLOCK_CAPTURE_AUTORELEASING = YES;
				CLANG_WARN_BOOL_CONVERSION = YES;
				CLANG_WARN_COMMA = YES;
				CLANG_WARN_CONSTANT_CONVERSION = YES;
				CLANG_WARN_DEPRECATED_OBJC_IMPLEMENTATIONS = YES;
				CLANG_WARN_DIRECT_OBJC_ISA_USAGE = YES_ERROR;
				CLANG_WARN_DOCUMENTATION_COMMENTS = YES;
				CLANG_WARN_EMPTY_BODY = YES;
				CLANG_WARN_ENUM_CONVERSION = YES;
				CLANG_WARN_INFINITE_RECURSION = YES;
				CLANG_WARN_INT_CONVERSION = YES;
				CLANG_WARN_NON_LITERAL_NULL_CONVERSION = YES;
				CLANG_WARN_OBJC_IMPLICIT_RETAIN_SELF = YES;
				CLANG_WARN_OBJC_LITERAL_CONVERSION = YES;
				CLANG_WARN_OBJC_ROOT_CLASS = YES_ERROR;
				CLANG_WARN_QUOTED_INCLUDE_IN_FRAMEWORK_HEADER = YES;
				CLANG_WARN_RANGE_LOOP_ANALYSIS = YES;
				CLANG_WARN_STRICT_PROTOTYPES = YES;
				CLANG_WARN_SUSPICIOUS_MOVE = YES;
				CLANG_WARN_UNGUARDED_AVAILABILITY = YES_AGGRESSIVE;
				CLANG_WARN_UNREACHABLE_CODE = YES;
				CLANG_WARN__DUPLICATE_METHOD_MATCH = YES;
				COPY_PHASE_STRIP = NO;
				DEBUG_INFORMATION_FORMAT = "dwarf-with-dsym";
				ENABLE_NS_ASSERTIONS = NO;
				ENABLE_STRICT_OBJC_MSGSEND = YES;
				GCC_C_LANGUAGE_STANDARD = gnu11;
				GCC_NO_COMMON_BLOCKS = YES;
				GCC_WARN_64_TO_32_BIT_CONVERSION = YES;
				GCC_WARN_ABOUT_RETURN_TYPE = YES_ERROR;
				GCC_WARN_UNDECLARED_SELECTOR = YES;
				GCC_WARN_UNINITIALIZED_AUTOS = YES_AGGRESSIVE;
				GCC_WARN_UNUSED_FUNCTION = YES;
				GCC_WARN_UNUSED_VARIABLE = YES;
				IPHONEOS_DEPLOYMENT_TARGET = 15.5;
				MTL_ENABLE_DEBUG_INFO = NO;
				MTL_FAST_MATH = YES;
				SDKROOT = iphoneos;
				SWIFT_COMPILATION_MODE = wholemodule;
				SWIFT_OPTIMIZATION_LEVEL = "-O";
				VALIDATE_PRODUCT = YES;
			};
			name = Release;
		};
		AD43B1272B4B5966006E6380 /* Debug */ = {
			isa = XCBuildConfiguration;
			buildSettings = {
				ASSETCATALOG_COMPILER_APPICON_NAME = AppIcon;
				ASSETCATALOG_COMPILER_GLOBAL_ACCENT_COLOR_NAME = AccentColor;
				CODE_SIGN_STYLE = Automatic;
				CURRENT_PROJECT_VERSION = 1;
				DEVELOPMENT_ASSET_PATHS = "\"SATAPP/Preview Content\"";
				DEVELOPMENT_TEAM = 5K82DDD6HL;
				ENABLE_PREVIEWS = YES;
				GENERATE_INFOPLIST_FILE = YES;
				INFOPLIST_KEY_UIApplicationSceneManifest_Generation = YES;
				INFOPLIST_KEY_UIApplicationSupportsIndirectInputEvents = YES;
				INFOPLIST_KEY_UILaunchScreen_Generation = YES;
				INFOPLIST_KEY_UISupportedInterfaceOrientations_iPad = "UIInterfaceOrientationPortrait UIInterfaceOrientationPortraitUpsideDown UIInterfaceOrientationLandscapeLeft UIInterfaceOrientationLandscapeRight";
				INFOPLIST_KEY_UISupportedInterfaceOrientations_iPhone = "UIInterfaceOrientationPortrait UIInterfaceOrientationLandscapeLeft UIInterfaceOrientationLandscapeRight";
				LD_RUNPATH_SEARCH_PATHS = (
					"$(inherited)",
					"@executable_path/Frameworks",
				);
				MARKETING_VERSION = 1.0;
				PRODUCT_BUNDLE_IDENTIFIER = com.rmills.SATAPP;
				PRODUCT_NAME = "$(TARGET_NAME)";
				SWIFT_EMIT_LOC_STRINGS = YES;
				SWIFT_VERSION = 5.0;
				TARGETED_DEVICE_FAMILY = "1,2";
			};
			name = Debug;
		};
		AD43B1282B4B5966006E6380 /* Release */ = {
			isa = XCBuildConfiguration;
			buildSettings = {
				ASSETCATALOG_COMPILER_APPICON_NAME = AppIcon;
				ASSETCATALOG_COMPILER_GLOBAL_ACCENT_COLOR_NAME = AccentColor;
				CODE_SIGN_STYLE = Automatic;
				CURRENT_PROJECT_VERSION = 1;
				DEVELOPMENT_ASSET_PATHS = "\"SATAPP/Preview Content\"";
				DEVELOPMENT_TEAM = 5K82DDD6HL;
				ENABLE_PREVIEWS = YES;
				GENERATE_INFOPLIST_FILE = YES;
				INFOPLIST_KEY_UIApplicationSceneManifest_Generation = YES;
				INFOPLIST_KEY_UIApplicationSupportsIndirectInputEvents = YES;
				INFOPLIST_KEY_UILaunchScreen_Generation = YES;
				INFOPLIST_KEY_UISupportedInterfaceOrientations_iPad = "UIInterfaceOrientationPortrait UIInterfaceOrientationPortraitUpsideDown UIInterfaceOrientationLandscapeLeft UIInterfaceOrientationLandscapeRight";
				INFOPLIST_KEY_UISupportedInterfaceOrientations_iPhone = "UIInterfaceOrientationPortrait UIInterfaceOrientationLandscapeLeft UIInterfaceOrientationLandscapeRight";
				LD_RUNPATH_SEARCH_PATHS = (
					"$(inherited)",
					"@executable_path/Frameworks",
				);
				MARKETING_VERSION = 1.0;
				PRODUCT_BUNDLE_IDENTIFIER = com.rmills.SATAPP;
				PRODUCT_NAME = "$(TARGET_NAME)";
				SWIFT_EMIT_LOC_STRINGS = YES;
				SWIFT_VERSION = 5.0;
				TARGETED_DEVICE_FAMILY = "1,2";
			};
			name = Release;
		};
		AD43B12A2B4B5966006E6380 /* Debug */ = {
			isa = XCBuildConfiguration;
			buildSettings = {
				ALWAYS_EMBED_SWIFT_STANDARD_LIBRARIES = YES;
				BUNDLE_LOADER = "$(TEST_HOST)";
				CODE_SIGN_STYLE = Automatic;
				CURRENT_PROJECT_VERSION = 1;
				DEVELOPMENT_TEAM = 5K82DDD6HL;
				GENERATE_INFOPLIST_FILE = YES;
				IPHONEOS_DEPLOYMENT_TARGET = 15.5;
				MARKETING_VERSION = 1.0;
				PRODUCT_BUNDLE_IDENTIFIER = com.rmills.SATAPPTests;
				PRODUCT_NAME = "$(TARGET_NAME)";
				SWIFT_EMIT_LOC_STRINGS = NO;
				SWIFT_VERSION = 5.0;
				TARGETED_DEVICE_FAMILY = "1,2";
				TEST_HOST = "$(BUILT_PRODUCTS_DIR)/SATAPP.app/SATAPP";
			};
			name = Debug;
		};
		AD43B12B2B4B5966006E6380 /* Release */ = {
			isa = XCBuildConfiguration;
			buildSettings = {
				ALWAYS_EMBED_SWIFT_STANDARD_LIBRARIES = YES;
				BUNDLE_LOADER = "$(TEST_HOST)";
				CODE_SIGN_STYLE = Automatic;
				CURRENT_PROJECT_VERSION = 1;
				DEVELOPMENT_TEAM = 5K82DDD6HL;
				GENERATE_INFOPLIST_FILE = YES;
				IPHONEOS_DEPLOYMENT_TARGET = 15.5;
				MARKETING_VERSION = 1.0;
				PRODUCT_BUNDLE_IDENTIFIER = com.rmills.SATAPPTests;
				PRODUCT_NAME = "$(TARGET_NAME)";
				SWIFT_EMIT_LOC_STRINGS = NO;
				SWIFT_VERSION = 5.0;
				TARGETED_DEVICE_FAMILY = "1,2";
				TEST_HOST = "$(BUILT_PRODUCTS_DIR)/SATAPP.app/SATAPP";
			};
			name = Release;
		};
		AD43B12D2B4B5966006E6380 /* Debug */ = {
			isa = XCBuildConfiguration;
			buildSettings = {
				ALWAYS_EMBED_SWIFT_STANDARD_LIBRARIES = YES;
				CODE_SIGN_STYLE = Automatic;
				CURRENT_PROJECT_VERSION = 1;
				DEVELOPMENT_TEAM = 5K82DDD6HL;
				GENERATE_INFOPLIST_FILE = YES;
				MARKETING_VERSION = 1.0;
				PRODUCT_BUNDLE_IDENTIFIER = com.rmills.SATAPPUITests;
				PRODUCT_NAME = "$(TARGET_NAME)";
				SWIFT_EMIT_LOC_STRINGS = NO;
				SWIFT_VERSION = 5.0;
				TARGETED_DEVICE_FAMILY = "1,2";
				TEST_TARGET_NAME = SATAPP;
			};
			name = Debug;
		};
		AD43B12E2B4B5966006E6380 /* Release */ = {
			isa = XCBuildConfiguration;
			buildSettings = {
				ALWAYS_EMBED_SWIFT_STANDARD_LIBRARIES = YES;
				CODE_SIGN_STYLE = Automatic;
				CURRENT_PROJECT_VERSION = 1;
				DEVELOPMENT_TEAM = 5K82DDD6HL;
				GENERATE_INFOPLIST_FILE = YES;
				MARKETING_VERSION = 1.0;
				PRODUCT_BUNDLE_IDENTIFIER = com.rmills.SATAPPUITests;
				PRODUCT_NAME = "$(TARGET_NAME)";
				SWIFT_EMIT_LOC_STRINGS = NO;
				SWIFT_VERSION = 5.0;
				TARGETED_DEVICE_FAMILY = "1,2";
				TEST_TARGET_NAME = SATAPP;
			};
			name = Release;
		};
/* End XCBuildConfiguration section */

/* Begin XCConfigurationList section */
		AD43B0F82B4B5964006E6380 /* Build configuration list for PBXProject "SATAPP" */ = {
			isa = XCConfigurationList;
			buildConfigurations = (
				AD43B1242B4B5966006E6380 /* Debug */,
				AD43B1252B4B5966006E6380 /* Release */,
			);
			defaultConfigurationIsVisible = 0;
			defaultConfigurationName = Release;
		};
		AD43B1262B4B5966006E6380 /* Build configuration list for PBXNativeTarget "SATAPP" */ = {
			isa = XCConfigurationList;
			buildConfigurations = (
				AD43B1272B4B5966006E6380 /* Debug */,
				AD43B1282B4B5966006E6380 /* Release */,
			);
			defaultConfigurationIsVisible = 0;
			defaultConfigurationName = Release;
		};
		AD43B1292B4B5966006E6380 /* Build configuration list for PBXNativeTarget "SATAPPTests" */ = {
			isa = XCConfigurationList;
			buildConfigurations = (
				AD43B12A2B4B5966006E6380 /* Debug */,
				AD43B12B2B4B5966006E6380 /* Release */,
			);
			defaultConfigurationIsVisible = 0;
			defaultConfigurationName = Release;
		};
		AD43B12C2B4B5966006E6380 /* Build configuration list for PBXNativeTarget "SATAPPUITests" */ = {
			isa = XCConfigurationList;
			buildConfigurations = (
				AD43B12D2B4B5966006E6380 /* Debug */,
				AD43B12E2B4B5966006E6380 /* Release */,
			);
			defaultConfigurationIsVisible = 0;
			defaultConfigurationName = Release;
		};
/* End XCConfigurationList section */

/* Begin XCVersionGroup section */
		AD43B10B2B4B5966006E6380 /* SATAPP.xcdatamodeld */ = {
			isa = XCVersionGroup;
			children = (
				AD43B10C2B4B5966006E6380 /* SATAPP.xcdatamodel */,
			);
			currentVersion = AD43B10C2B4B5966006E6380 /* SATAPP.xcdatamodel */;
			path = SATAPP.xcdatamodeld;
			sourceTree = "<group>";
			versionGroupType = wrapper.xcdatamodel;
		};
/* End XCVersionGroup section */
	};
	rootObject = AD43B0F52B4B5964006E6380 /* Project object */;
}
